{
  "dependencies": {
    "append-field": {
      "version": "0.1.0",
      "resolved": "https://registry.npmjs.org/append-field/-/append-field-0.1.0.tgz",
      "from": "append-field@>=0.1.0 <0.2.0"
    },
    "busboy": {
      "version": "0.2.13",
      "resolved": "https://registry.npmjs.org/busboy/-/busboy-0.2.13.tgz",
      "from": "busboy@>=0.2.11 <0.3.0"
    },
    "concat-stream": {
      "version": "1.5.2",
      "resolved": "https://registry.npmjs.org/concat-stream/-/concat-stream-1.5.2.tgz",
      "from": "concat-stream@>=1.5.0 <2.0.0",
      "dependencies": {
        "isarray": {
          "version": "1.0.0",
          "resolved": "https://registry.npmjs.org/isarray/-/isarray-1.0.0.tgz",
          "from": "isarray@>=1.0.0 <1.1.0"
        },
        "readable-stream": {
          "version": "2.0.6",
          "resolved": "https://registry.npmjs.org/readable-stream/-/readable-stream-2.0.6.tgz",
          "from": "readable-stream@>=2.0.0 <2.1.0"
        }
      }
    },
    "core-util-is": {
      "version": "1.0.2",
      "resolved": "https://registry.npmjs.org/core-util-is/-/core-util-is-1.0.2.tgz",
      "from": "core-util-is@>=1.0.0 <1.1.0"
    },
    "dicer": {
      "version": "0.2.5",
      "resolved": "https://registry.npmjs.org/dicer/-/dicer-0.2.5.tgz",
      "from": "dicer@0.2.5"
    },
    "ee-first": {
      "version": "1.1.1",
      "resolved": "https://registry.npmjs.org/ee-first/-/ee-first-1.1.1.tgz",
      "from": "ee-first@1.1.1"
    },
    "inherits": {
      "version": "2.0.3",
      "resolved": "https://registry.npmjs.org/inherits/-/inherits-2.0.3.tgz",
      "from": "inherits@>=2.0.1 <2.1.0"
    },
    "isarray": {
      "version": "0.0.1",
      "resolved": "https://registry.npmjs.org/isarray/-/isarray-0.0.1.tgz",
      "from": "isarray@0.0.1"
    },
    "media-typer": {
      "version": "0.3.0",
      "resolved": "https://registry.npmjs.org/media-typer/-/media-typer-0.3.0.tgz",
      "from": "media-typer@0.3.0"
    },
    "mime-db": {
      "version": "1.24.0",
      "resolved": "https://registry.npmjs.org/mime-db/-/mime-db-1.24.0.tgz",
      "from": "mime-db@>=1.24.0 <1.25.0"
    },
    "mime-types": {
      "version": "2.1.12",
      "resolved": "https://registry.npmjs.org/mime-types/-/mime-types-2.1.12.tgz",
      "from": "mime-types@>=2.1.11 <2.2.0"
    },
    "minimist": {
      "version": "0.0.8",
      "resolved": "https://registry.npmjs.org/minimist/-/minimist-0.0.8.tgz",
      "from": "minimist@0.0.8"
    },
    "mkdirp": {
      "version": "0.5.1",
      "resolved": "https://registry.npmjs.org/mkdirp/-/mkdirp-0.5.1.tgz",
      "from": "mkdirp@>=0.5.1 <0.6.0"
    },
    "multer": {
      "version": "1.2.0",
      "resolved": "https://registry.npmjs.org/multer/-/multer-1.2.0.tgz",
      "from": "multer@1.2.0"
    },
    "object-assign": {
      "version": "3.0.0",
      "resolved": "https://registry.npmjs.org/object-assign/-/object-assign-3.0.0.tgz",
      "from": "object-assign@>=3.0.0 <4.0.0"
    },
    "on-finished": {
      "version": "2.3.0",
      "resolved": "https://registry.npmjs.org/on-finished/-/on-finished-2.3.0.tgz",
      "from": "on-finished@>=2.3.0 <3.0.0"
    },
    "process-nextick-args": {
      "version": "1.0.7",
      "resolved": "https://registry.npmjs.org/process-nextick-args/-/process-nextick-args-1.0.7.tgz",
      "from": "process-nextick-args@>=1.0.6 <1.1.0"
    },
    "readable-stream": {
      "version": "1.1.14",
      "resolved": "https://registry.npmjs.org/readable-stream/-/readable-stream-1.1.14.tgz",
      "from": "readable-stream@>=1.1.0 <1.2.0"
    },
    "streamsearch": {
      "version": "0.1.2",
      "resolved": "https://registry.npmjs.org/streamsearch/-/streamsearch-0.1.2.tgz",
      "from": "streamsearch@0.1.2"
    },
    "string_decoder": {
      "version": "0.10.31",
      "resolved": "https://registry.npmjs.org/string_decoder/-/string_decoder-0.10.31.tgz",
      "from": "string_decoder@>=0.10.0 <0.11.0"
    },
    "type-is": {
      "version": "1.6.13",
      "resolved": "https://registry.npmjs.org/type-is/-/type-is-1.6.13.tgz",
      "from": "type-is@>=1.6.4 <2.0.0"
    },
    "typedarray": {
      "version": "0.0.6",
      "resolved": "https://registry.npmjs.org/typedarray/-/typedarray-0.0.6.tgz",
      "from": "typedarray@>=0.0.5 <0.1.0"
    },
    "util-deprecate": {
      "version": "1.0.2",
      "resolved": "https://registry.npmjs.org/util-deprecate/-/util-deprecate-1.0.2.tgz",
      "from": "util-deprecate@>=1.0.1 <1.1.0"
    },
    "xtend": {
      "version": "4.0.1",
      "resolved": "https://registry.npmjs.org/xtend/-/xtend-4.0.1.tgz",
      "from": "xtend@>=4.0.0 <5.0.0"
    }
  }
}
